{
  "name": "ulid",
  "lockfileVersion": 3,
  "requires": true,
  "packages": {
    "": {
      "name": "ulid",
      "license": "MIT",
      "dependencies": {
        "ulidx": "^0.5.0"
      },
      "bin": {
        "ulid": "index.js"
      }
    },
    "node_modules/layerr": {
      "version": "0.1.2",
      "resolved": "https://registry.npmjs.org/layerr/-/layerr-0.1.2.tgz",
      "integrity": "sha512-ob5kTd9H3S4GOG2nVXyQhOu9O8nBgP555XxWPkJI0tR0JeRilfyTp8WtPdIJHLXBmHMSdEq5+KMxiYABeScsIQ=="
    },
    "node_modules/ulidx": {
      "version": "0.5.0",
      "resolved": "https://registry.npmjs.org/ulidx/-/ulidx-0.5.0.tgz",
      "integrity": "sha512-fZFAVMxsp3QSwOpIta6uqc3ZjHfRe4m3GllM+HO4MNQMXlzcUhWihHKWuBxFcDYATsuyxjBwCH0MqVsj/D/how==",
      "dependencies": {
        "layerr": "^0.1.2"
      }
    }
  }
}
